// !$*UTF8*$!
{
	archiveVersion = 1;
	classes = {
	};
	objectVersion = 50;
	objects = {

/* Begin PBXBuildFile section */
		2C4232BB265B8C1600F871EA /* Grid.swift in Sources */ = {isa = PBXBuildFile; fileRef = 2C4232BA265B8C1600F871EA /* Grid.swift */; };
		2C4232C0265B8D9A00F871EA /* GridLayout.swift in Sources */ = {isa = PBXBuildFile; fileRef = 2C4232BF265B8D9A00F871EA /* GridLayout.swift */; };
		2C4232C2265B8E0100F871EA /* Array+Itentifiable.swift in Sources */ = {isa = PBXBuildFile; fileRef = 2C4232C1265B8E0100F871EA /* Array+Itentifiable.swift */; };
		2C4232C4265B8E0A00F871EA /* Array+Only.swift in Sources */ = {isa = PBXBuildFile; fileRef = 2C4232C3265B8E0A00F871EA /* Array+Only.swift */; };
		2CD77CAE265323820018C251 /* AppDelegate.swift in Sources */ = {isa = PBXBuildFile; fileRef = 2CD77CAD265323820018C251 /* AppDelegate.swift */; };
		2CD77CB0265323820018C251 /* SceneDelegate.swift in Sources */ = {isa = PBXBuildFile; fileRef = 2CD77CAF265323820018C251 /* SceneDelegate.swift */; };
		2CD77CB2265323820018C251 /* EMGameView.swift in Sources */ = {isa = PBXBuildFile; fileRef = 2CD77CB1265323820018C251 /* EMGameView.swift */; };
		2CD77CB5265323820018C251 /* myStanfordGame1.xcdatamodeld in Sources */ = {isa = PBXBuildFile; fileRef = 2CD77CB3265323820018C251 /* myStanfordGame1.xcdatamodeld */; };
		2CD77CB7265323830018C251 /* Assets.xcassets in Resources */ = {isa = PBXBuildFile; fileRef = 2CD77CB6265323830018C251 /* Assets.xcassets */; };
		2CD77CBA265323830018C251 /* Preview Assets.xcassets in Resources */ = {isa = PBXBuildFile; fileRef = 2CD77CB9265323830018C251 /* Preview Assets.xcassets */; };
		2CD77CBD265323830018C251 /* LaunchScreen.storyboard in Resources */ = {isa = PBXBuildFile; fileRef = 2CD77CBB265323830018C251 /* LaunchScreen.storyboard */; };
		2CD77CC5265324B80018C251 /* Model.swift in Sources */ = {isa = PBXBuildFile; fileRef = 2CD77CC4265324B80018C251 /* Model.swift */; };
		2CD77CC726532F4A0018C251 /* EMGameViewModel.swift in Sources */ = {isa = PBXBuildFile; fileRef = 2CD77CC626532F4A0018C251 /* EMGameViewModel.swift */; };
/* End PBXBuildFile section */

/* Begin PBXFileReference section */
		2C4232BA265B8C1600F871EA /* Grid.swift */ = {isa = PBXFileReference; fileEncoding = 4; lastKnownFileType = sourcecode.swift; path = Grid.swift; sourceTree = "<group>"; };
		2C4232BF265B8D9A00F871EA /* GridLayout.swift */ = {isa = PBXFileReference; fileEncoding = 4; lastKnownFileType = sourcecode.swift; path = GridLayout.swift; sourceTree = "<group>"; };
		2C4232C1265B8E0100F871EA /* Array+Itentifiable.swift */ = {isa = PBXFileReference; fileEncoding = 4; lastKnownFileType = sourcecode.swift; path = "Array+Itentifiable.swift"; sourceTree = "<group>"; };
		2C4232C3265B8E0A00F871EA /* Array+Only.swift */ = {isa = PBXFileReference; fileEncoding = 4; lastKnownFileType = sourcecode.swift; path = "Array+Only.swift"; sourceTree = "<group>"; };
		2CD77CAA265323820018C251 /* myStanfordGame1.app */ = {isa = PBXFileReference; explicitFileType = wrapper.application; includeInIndex = 0; path = myStanfordGame1.app; sourceTree = BUILT_PRODUCTS_DIR; };
		2CD77CAD265323820018C251 /* AppDelegate.swift */ = {isa = PBXFileReference; lastKnownFileType = sourcecode.swift; path = AppDelegate.swift; sourceTree = "<group>"; };
		2CD77CAF265323820018C251 /* SceneDelegate.swift */ = {isa = PBXFileReference; lastKnownFileType = sourcecode.swift; path = SceneDelegate.swift; sourceTree = "<group>"; };
		2CD77CB1265323820018C251 /* EMGameView.swift */ = {isa = PBXFileReference; lastKnownFileType = sourcecode.swift; path = EMGameView.swift; sourceTree = "<group>"; };
		2CD77CB4265323820018C251 /* myStanfordGame1.xcdatamodel */ = {isa = PBXFileReference; lastKnownFileType = wrapper.xcdatamodel; path = myStanfordGame1.xcdatamodel; sourceTree = "<group>"; };
		2CD77CB6265323830018C251 /* Assets.xcassets */ = {isa = PBXFileReference; lastKnownFileType = folder.assetcatalog; path = Assets.xcassets; sourceTree = "<group>"; };
		2CD77CB9265323830018C251 /* Preview Assets.xcassets */ = {isa = PBXFileReference; lastKnownFileType = folder.assetcatalog; path = "Preview Assets.xcassets"; sourceTree = "<group>"; };
		2CD77CBC265323830018C251 /* Base */ = {isa = PBXFileReference; lastKnownFileType = file.storyboard; name = Base; path = Base.lproj/LaunchScreen.storyboard; sourceTree = "<group>"; };
		2CD77CBE265323830018C251 /* Info.plist */ = {isa = PBXFileReference; lastKnownFileType = text.plist.xml; path = Info.plist; sourceTree = "<group>"; };
		2CD77CC4265324B80018C251 /* Model.swift */ = {isa = PBXFileReference; lastKnownFileType = sourcecode.swift; path = Model.swift; sourceTree = "<group>"; };
		2CD77CC626532F4A0018C251 /* EMGameViewModel.swift */ = {isa = PBXFileReference; lastKnownFileType = sourcecode.swift; path = EMGameViewModel.swift; sourceTree = "<group>"; };
/* End PBXFileReference section */

/* Begin PBXFrameworksBuildPhase section */
		2CD77CA7265323820018C251 /* Frameworks */ = {
			isa = PBXFrameworksBuildPhase;
			buildActionMask = 2147483647;
			files = (
			);
			runOnlyForDeploymentPostprocessing = 0;
		};
/* End PBXFrameworksBuildPhase section */

/* Begin PBXGroup section */
		2C4232BC265B8D3F00F871EA /* Delegate */ = {
			isa = PBXGroup;
			children = (
				2CD77CAD265323820018C251 /* AppDelegate.swift */,
				2CD77CAF265323820018C251 /* SceneDelegate.swift */,
			);
			path = Delegate;
			sourceTree = "<group>";
		};
		2C4232BD265B8D5900F871EA /* MVVM */ = {
			isa = PBXGroup;
			children = (
				2CD77CC4265324B80018C251 /* Model.swift */,
				2CD77CC626532F4A0018C251 /* EMGameViewModel.swift */,
				2CD77CB1265323820018C251 /* EMGameView.swift */,
			);
			path = MVVM;
			sourceTree = "<group>";
		};
		2C4232BE265B8D6E00F871EA /* Support */ = {
			isa = PBXGroup;
			children = (
				2C4232BA265B8C1600F871EA /* Grid.swift */,
				2C4232BF265B8D9A00F871EA /* GridLayout.swift */,
				2C4232C3265B8E0A00F871EA /* Array+Only.swift */,
				2C4232C1265B8E0100F871EA /* Array+Itentifiable.swift */,
			);
			path = Support;
			sourceTree = "<group>";
		};
		2CD77CA1265323820018C251 = {
			isa = PBXGroup;
			children = (
				2CD77CAC265323820018C251 /* myStanfordGame1 */,
				2CD77CAB265323820018C251 /* Products */,
			);
			sourceTree = "<group>";
		};
		2CD77CAB265323820018C251 /* Products */ = {
			isa = PBXGroup;
			children = (
				2CD77CAA265323820018C251 /* myStanfordGame1.app */,
			);
			name = Products;
			sourceTree = "<group>";
		};
		2CD77CAC265323820018C251 /* myStanfordGame1 */ = {
			isa = PBXGroup;
			children = (
				2C4232BC265B8D3F00F871EA /* Delegate */,
				2C4232BD265B8D5900F871EA /* MVVM */,
				2C4232BE265B8D6E00F871EA /* Support */,
				2CD77CB6265323830018C251 /* Assets.xcassets */,
				2CD77CBB265323830018C251 /* LaunchScreen.storyboard */,
				2CD77CBE265323830018C251 /* Info.plist */,
				2CD77CB3265323820018C251 /* myStanfordGame1.xcdatamodeld */,
				2CD77CB8265323830018C251 /* Preview Content */,
			);
			path = myStanfordGame1;
			sourceTree = "<group>";
		};
		2CD77CB8265323830018C251 /* Preview Content */ = {
			isa = PBXGroup;
			children = (
				2CD77CB9265323830018C251 /* Preview Assets.xcassets */,
			);
			path = "Preview Content";
			sourceTree = "<group>";
		};
/* End PBXGroup section */

/* Begin PBXNativeTarget section */
		2CD77CA9265323820018C251 /* myStanfordGame1 */ = {
			isa = PBXNativeTarget;
			buildConfigurationList = 2CD77CC1265323830018C251 /* Build configuration list for PBXNativeTarget "myStanfordGame1" */;
			buildPhases = (
				2CD77CA6265323820018C251 /* Sources */,
				2CD77CA7265323820018C251 /* Frameworks */,
				2CD77CA8265323820018C251 /* Resources */,
			);
			buildRules = (
			);
			dependencies = (
			);
			name = myStanfordGame1;
			productName = myStanfordGame1;
			productReference = 2CD77CAA265323820018C251 /* myStanfordGame1.app */;
			productType = "com.apple.product-type.application";
		};
/* End PBXNativeTarget section */

/* Begin PBXProject section */
		2CD77CA2265323820018C251 /* Project object */ = {
			isa = PBXProject;
			attributes = {
				LastSwiftUpdateCheck = 1250;
				LastUpgradeCheck = 1250;
				TargetAttributes = {
					2CD77CA9265323820018C251 = {
						CreatedOnToolsVersion = 12.5;
					};
				};
			};
			buildConfigurationList = 2CD77CA5265323820018C251 /* Build configuration list for PBXProject "myStanfordGame1" */;
			compatibilityVersion = "Xcode 9.3";
			developmentRegion = en;
			hasScannedForEncodings = 0;
			knownRegions = (
				en,
				Base,
			);
			mainGroup = 2CD77CA1265323820018C251;
			productRefGroup = 2CD77CAB265323820018C251 /* Products */;
			projectDirPath = "";
			projectRoot = "";
			targets = (
				2CD77CA9265323820018C251 /* myStanfordGame1 */,
			);
		};
/* End PBXProject section */

/* Begin PBXResourcesBuildPhase section */
		2CD77CA8265323820018C251 /* Resources */ = {
			isa = PBXResourcesBuildPhase;
			buildActionMask = 2147483647;
			files = (
				2CD77CBD265323830018C251 /* LaunchScreen.storyboard in Resources */,
				2CD77CBA265323830018C251 /* Preview Assets.xcassets in Resources */,
				2CD77CB7265323830018C251 /* Assets.xcassets in Resources */,
			);
			runOnlyForDeploymentPostprocessing = 0;
		};
/* End PBXResourcesBuildPhase section */

/* Begin PBXSourcesBuildPhase section */
		2CD77CA6265323820018C251 /* Sources */ = {
			isa = PBXSourcesBuildPhase;
			buildActionMask = 2147483647;
			files = (
				2CD77CC5265324B80018C251 /* Model.swift in Sources */,
				2CD77CAE265323820018C251 /* AppDelegate.swift in Sources */,
				2CD77CC726532F4A0018C251 /* EMGameViewModel.swift in Sources */,
				2C4232C4265B8E0A00F871EA /* Array+Only.swift in Sources */,
				2CD77CB0265323820018C251 /* SceneDelegate.swift in Sources */,
				2CD77CB5265323820018C251 /* myStanfordGame1.xcdatamodeld in Sources */,
				2C4232BB265B8C1600F871EA /* Grid.swift in Sources */,
				2C4232C2265B8E0100F871EA /* Array+Itentifiable.swift in Sources */,
				2CD77CB2265323820018C251 /* EMGameView.swift in Sources */,
				2C4232C0265B8D9A00F871EA /* GridLayout.swift in Sources */,
			);
			runOnlyForDeploymentPostprocessing = 0;
		};
/* End PBXSourcesBuildPhase section */

/* Begin PBXVariantGroup section */
		2CD77CBB265323830018C251 /* LaunchScreen.storyboard */ = {
			isa = PBXVariantGroup;
			children = (
				2CD77CBC265323830018C251 /* Base */,
			);
			name = LaunchScreen.storyboard;
			sourceTree = "<group>";
		};
/* End PBXVariantGroup section */

/* Begin XCBuildConfiguration section */
		2CD77CBF265323830018C251 /* Debug */ = {
			isa = XCBuildConfiguration;
			buildSettings = {
				ALWAYS_SEARCH_USER_PATHS = NO;
				CLANG_ANALYZER_NONNULL = YES;
				CLANG_ANALYZER_NUMBER_OBJECT_CONVERSION = YES_AGGRESSIVE;
				CLANG_CXX_LANGUAGE_STANDARD = "gnu++14";
				CLANG_CXX_LIBRARY = "libc++";
				CLANG_ENABLE_MODULES = YES;
				CLANG_ENABLE_OBJC_ARC = YES;
				CLANG_ENABLE_OBJC_WEAK = YES;
				CLANG_WARN_BLOCK_CAPTURE_AUTORELEASING = YES;
				CLANG_WARN_BOOL_CONVERSION = YES;
				CLANG_WARN_COMMA = YES;
				CLANG_WARN_CONSTANT_CONVERSION = YES;
				CLANG_WARN_DEPRECATED_OBJC_IMPLEMENTATIONS = YES;
				CLANG_WARN_DIRECT_OBJC_ISA_USAGE = YES_ERROR;
				CLANG_WARN_DOCUMENTATION_COMMENTS = YES;
				CLANG_WARN_EMPTY_BODY = YES;
				CLANG_WARN_ENUM_CONVERSION = YES;
				CLANG_WARN_INFINITE_RECURSION = YES;
				CLANG_WARN_INT_CONVERSION = YES;
				CLANG_WARN_NON_LITERAL_NULL_CONVERSION = YES;
				CLANG_WARN_OBJC_IMPLICIT_RETAIN_SELF = YES;
				CLANG_WARN_OBJC_LITERAL_CONVERSION = YES;
				CLANG_WARN_OBJC_ROOT_CLASS = YES_ERROR;
				CLANG_WARN_QUOTED_INCLUDE_IN_FRAMEWORK_HEADER = YES;
				CLANG_WARN_RANGE_LOOP_ANALYSIS = YES;
				CLANG_WARN_STRICT_PROTOTYPES = YES;
				CLANG_WARN_SUSPICIOUS_MOVE = YES;
				CLANG_WARN_UNGUARDED_AVAILABILITY = YES_AGGRESSIVE;
				CLANG_WARN_UNREACHABLE_CODE = YES;
				CLANG_WARN__DUPLICATE_METHOD_MATCH = YES;
				COPY_PHASE_STRIP = NO;
				DEBUG_INFORMATION_FORMAT = dwarf;
				ENABLE_STRICT_OBJC_MSGSEND = YES;
				ENABLE_TESTABILITY = YES;
				GCC_C_LANGUAGE_STANDARD = gnu11;
				GCC_DYNAMIC_NO_PIC = NO;
				GCC_NO_COMMON_BLOCKS = YES;
				GCC_OPTIMIZATION_LEVEL = 0;
				GCC_PREPROCESSOR_DEFINITIONS = (
					"DEBUG=1",
					"$(inherited)",
				);
				GCC_WARN_64_TO_32_BIT_CONVERSION = YES;
				GCC_WARN_ABOUT_RETURN_TYPE = YES_ERROR;
				GCC_WARN_UNDECLARED_SELECTOR = YES;
				GCC_WARN_UNINITIALIZED_AUTOS = YES_AGGRESSIVE;
				GCC_WARN_UNUSED_FUNCTION = YES;
				GCC_WARN_UNUSED_VARIABLE = YES;
				IPHONEOS_DEPLOYMENT_TARGET = 14.5;
				MTL_ENABLE_DEBUG_INFO = INCLUDE_SOURCE;
				MTL_FAST_MATH = YES;
				ONLY_ACTIVE_ARCH = YES;
				SDKROOT = iphoneos;
				SWIFT_ACTIVE_COMPILATION_CONDITIONS = DEBUG;
				SWIFT_OPTIMIZATION_LEVEL = "-Onone";
			};
			name = Debug;
		};
		2CD77CC0265323830018C251 /* Release */ = {
			isa = XCBuildConfiguration;
			buildSettings = {
				ALWAYS_SEARCH_USER_PATHS = NO;
				CLANG_ANALYZER_NONNULL = YES;
				CLANG_ANALYZER_NUMBER_OBJECT_CONVERSION = YES_AGGRESSIVE;
				CLANG_CXX_LANGUAGE_STANDARD = "gnu++14";
				CLANG_CXX_LIBRARY = "libc++";
				CLANG_ENABLE_MODULES = YES;
				CLANG_ENABLE_OBJC_ARC = YES;
				CLANG_ENABLE_OBJC_WEAK = YES;
				CLANG_WARN_BLOCK_CAPTURE_AUTORELEASING = YES;
				CLANG_WARN_BOOL_CONVERSION = YES;
				CLANG_WARN_COMMA = YES;
				CLANG_WARN_CONSTANT_CONVERSION = YES;
				CLANG_WARN_DEPRECATED_OBJC_IMPLEMENTATIONS = YES;
				CLANG_WARN_DIRECT_OBJC_ISA_USAGE = YES_ERROR;
				CLANG_WARN_DOCUMENTATION_COMMENTS = YES;
				CLANG_WARN_EMPTY_BODY = YES;
				CLANG_WARN_ENUM_CONVERSION = YES;
				CLANG_WARN_INFINITE_RECURSION = YES;
				CLANG_WARN_INT_CONVERSION = YES;
				CLANG_WARN_NON_LITERAL_NULL_CONVERSION = YES;
				CLANG_WARN_OBJC_IMPLICIT_RETAIN_SELF = YES;
				CLANG_WARN_OBJC_LITERAL_CONVERSION = YES;
				CLANG_WARN_OBJC_ROOT_CLASS = YES_ERROR;
				CLANG_WARN_QUOTED_INCLUDE_IN_FRAMEWORK_HEADER = YES;
				CLANG_WARN_RANGE_LOOP_ANALYSIS = YES;
				CLANG_WARN_STRICT_PROTOTYPES = YES;
				CLANG_WARN_SUSPICIOUS_MOVE = YES;
				CLANG_WARN_UNGUARDED_AVAILABILITY = YES_AGGRESSIVE;
				CLANG_WARN_UNREACHABLE_CODE = YES;
				CLANG_WARN__DUPLICATE_METHOD_MATCH = YES;
				COPY_PHASE_STRIP = NO;
				DEBUG_INFORMATION_FORMAT = "dwarf-with-dsym";
				ENABLE_NS_ASSERTIONS = NO;
				ENABLE_STRICT_OBJC_MSGSEND = YES;
				GCC_C_LANGUAGE_STANDARD = gnu11;
				GCC_NO_COMMON_BLOCKS = YES;
				GCC_WARN_64_TO_32_BIT_CONVERSION = YES;
				GCC_WARN_ABOUT_RETURN_TYPE = YES_ERROR;
				GCC_WARN_UNDECLARED_SELECTOR = YES;
				GCC_WARN_UNINITIALIZED_AUTOS = YES_AGGRESSIVE;
				GCC_WARN_UNUSED_FUNCTION = YES;
				GCC_WARN_UNUSED_VARIABLE = YES;
				IPHONEOS_DEPLOYMENT_TARGET = 14.5;
				MTL_ENABLE_DEBUG_INFO = NO;
				MTL_FAST_MATH = YES;
				SDKROOT = iphoneos;
				SWIFT_COMPILATION_MODE = wholemodule;
				SWIFT_OPTIMIZATION_LEVEL = "-O";
				VALIDATE_PRODUCT = YES;
			};
			name = Release;
		};
		2CD77CC2265323830018C251 /* Debug */ = {
			isa = XCBuildConfiguration;
			buildSettings = {
				ASSETCATALOG_COMPILER_APPICON_NAME = AppIcon;
				ASSETCATALOG_COMPILER_GLOBAL_ACCENT_COLOR_NAME = AccentColor;
				CODE_SIGN_STYLE = Automatic;
				DEVELOPMENT_ASSET_PATHS = "\"myStanfordGame1/Preview Content\"";
				DEVELOPMENT_TEAM = X4Q9MUR658;
				ENABLE_PREVIEWS = YES;
				INFOPLIST_FILE = myStanfordGame1/Info.plist;
				LD_RUNPATH_SEARCH_PATHS = (
					"$(inherited)",
					"@executable_path/Frameworks",
				);
				PRODUCT_BUNDLE_IDENTIFIER = com.alpinetest.myStanfordGame1;
				PRODUCT_NAME = "$(TARGET_NAME)";
				SWIFT_VERSION = 5.0;
				TARGETED_DEVICE_FAMILY = "1,2";
			};
			name = Debug;
		};
		2CD77CC3265323830018C251 /* Release */ = {
			isa = XCBuildConfiguration;
			buildSettings = {
				ASSETCATALOG_COMPILER_APPICON_NAME = AppIcon;
				ASSETCATALOG_COMPILER_GLOBAL_ACCENT_COLOR_NAME = AccentColor;
				CODE_SIGN_STYLE = Automatic;
				DEVELOPMENT_ASSET_PATHS = "\"myStanfordGame1/Preview Content\"";
				DEVELOPMENT_TEAM = X4Q9MUR658;
				ENABLE_PREVIEWS = YES;
				INFOPLIST_FILE = myStanfordGame1/Info.plist;
				LD_RUNPATH_SEARCH_PATHS = (
					"$(inherited)",
					"@executable_path/Frameworks",
				);
				PRODUCT_BUNDLE_IDENTIFIER = com.alpinetest.myStanfordGame1;
				PRODUCT_NAME = "$(TARGET_NAME)";
				SWIFT_VERSION = 5.0;
				TARGETED_DEVICE_FAMILY = "1,2";
			};
			name = Release;
		};
/* End XCBuildConfiguration section */

/* Begin XCConfigurationList section */
		2CD77CA5265323820018C251 /* Build configuration list for PBXProject "myStanfordGame1" */ = {
			isa = XCConfigurationList;
			buildConfigurations = (
				2CD77CBF265323830018C251 /* Debug */,
				2CD77CC0265323830018C251 /* Release */,
			);
			defaultConfigurationIsVisible = 0;
			defaultConfigurationName = Release;
		};
		2CD77CC1265323830018C251 /* Build configuration list for PBXNativeTarget "myStanfordGame1" */ = {
			isa = XCConfigurationList;
			buildConfigurations = (
				2CD77CC2265323830018C251 /* Debug */,
				2CD77CC3265323830018C251 /* Release */,
			);
			defaultConfigurationIsVisible = 0;
			defaultConfigurationName = Release;
		};
/* End XCConfigurationList section */

/* Begin XCVersionGroup section */
		2CD77CB3265323820018C251 /* myStanfordGame1.xcdatamodeld */ = {
			isa = XCVersionGroup;
			children = (
				2CD77CB4265323820018C251 /* myStanfordGame1.xcdatamodel */,
			);
			currentVersion = 2CD77CB4265323820018C251 /* myStanfordGame1.xcdatamodel */;
			path = myStanfordGame1.xcdatamodeld;
			sourceTree = "<group>";
			versionGroupType = wrapper.xcdatamodel;
		};
/* End XCVersionGroup section */
	};
	rootObject = 2CD77CA2265323820018C251 /* Project object */;
}
